
Microsoft Visual Studio Solution File, Format Version 12.00
# Visual Studio 15
VisualStudioVersion = 15.0.27428.2037
MinimumVisualStudioVersion = 10.0.40219.1
Project("{FAE04EC0-301F-11D3-BF4B-00C04F79EFBC}") = "final", "final\final.csproj", "{95D9AD80-E072-4AFD-A6BF-89FAB7D71D2E}"
EndProject
Global
	GlobalSection(SolutionConfigurationPlatforms) = preSolution
		Debug|Any CPU = Debug|Any CPU
		Release|Any CPU = Release|Any CPU
	EndGlobalSection
	GlobalSection(ProjectConfigurationPlatforms) = postSolution
		{95D9AD80-E072-4AFD-A6BF-89FAB7D71D2E}.Debug|Any CPU.ActiveCfg = Debug|Any CPU
		{95D9AD80-E072-4AFD-A6BF-89FAB7D71D2E}.Debug|Any CPU.Build.0 = Debug|Any CPU
		{95D9AD80-E072-4AFD-A6BF-89FAB7D71D2E}.Release|Any CPU.ActiveCfg = Release|Any CPU
		{95D9AD80-E072-4AFD-A6BF-89FAB7D71D2E}.Release|Any CPU.Build.0 = Release|Any CPU
	EndGlobalSection
	GlobalSection(SolutionProperties) = preSolution
		HideSolutionNode = FALSE
	EndGlobalSection
	GlobalSection(ExtensibilityGlobals) = postSolution
		SolutionGuid = {EF426170-0505-43D5-AC8D-FE0769F8BA3A}
	EndGlobalSection
EndGlobal
